// !$*UTF8*$!
{
	archiveVersion = 1;
	classes = {
	};
	objectVersion = 56;
	objects = {

/* Begin PBXBuildFile section */
		16550F612B005B7100B8FAC0 /* Jams_story_testingApp.swift in Sources */ = {isa = PBXBuildFile; fileRef = 16550F602B005B7100B8FAC0 /* Jams_story_testingApp.swift */; };
		16550F632B005B7100B8FAC0 /* ContentView.swift in Sources */ = {isa = PBXBuildFile; fileRef = 16550F622B005B7100B8FAC0 /* ContentView.swift */; };
		16550F652B005B7200B8FAC0 /* Assets.xcassets in Resources */ = {isa = PBXBuildFile; fileRef = 16550F642B005B7200B8FAC0 /* Assets.xcassets */; };
		16550F682B005B7200B8FAC0 /* Preview Assets.xcassets in Resources */ = {isa = PBXBuildFile; fileRef = 16550F672B005B7200B8FAC0 /* Preview Assets.xcassets */; };
		16550F6F2B005ECA00B8FAC0 /* ChapterUnlocker.swift in Sources */ = {isa = PBXBuildFile; fileRef = 16550F6E2B005ECA00B8FAC0 /* ChapterUnlocker.swift */; };
		16550F712B006A9800B8FAC0 /* TestingView.swift in Sources */ = {isa = PBXBuildFile; fileRef = 16550F702B006A9800B8FAC0 /* TestingView.swift */; };
/* End PBXBuildFile section */

/* Begin PBXFileReference section */
		16550F5D2B005B7100B8FAC0 /* Jams story testing.app */ = {isa = PBXFileReference; explicitFileType = wrapper.application; includeInIndex = 0; path = "Jams story testing.app"; sourceTree = BUILT_PRODUCTS_DIR; };
		16550F602B005B7100B8FAC0 /* Jams_story_testingApp.swift */ = {isa = PBXFileReference; lastKnownFileType = sourcecode.swift; path = Jams_story_testingApp.swift; sourceTree = "<group>"; };
		16550F622B005B7100B8FAC0 /* ContentView.swift */ = {isa = PBXFileReference; lastKnownFileType = sourcecode.swift; path = ContentView.swift; sourceTree = "<group>"; };
		16550F642B005B7200B8FAC0 /* Assets.xcassets */ = {isa = PBXFileReference; lastKnownFileType = folder.assetcatalog; path = Assets.xcassets; sourceTree = "<group>"; };
		16550F672B005B7200B8FAC0 /* Preview Assets.xcassets */ = {isa = PBXFileReference; lastKnownFileType = folder.assetcatalog; path = "Preview Assets.xcassets"; sourceTree = "<group>"; };
		16550F6E2B005ECA00B8FAC0 /* ChapterUnlocker.swift */ = {isa = PBXFileReference; lastKnownFileType = sourcecode.swift; path = ChapterUnlocker.swift; sourceTree = "<group>"; };
		16550F702B006A9800B8FAC0 /* TestingView.swift */ = {isa = PBXFileReference; lastKnownFileType = sourcecode.swift; path = TestingView.swift; sourceTree = "<group>"; };
/* End PBXFileReference section */

/* Begin PBXFrameworksBuildPhase section */
		16550F5A2B005B7100B8FAC0 /* Frameworks */ = {
			isa = PBXFrameworksBuildPhase;
			buildActionMask = 2147483647;
			files = (
			);
			runOnlyForDeploymentPostprocessing = 0;
		};
/* End PBXFrameworksBuildPhase section */

/* Begin PBXGroup section */
		16550F542B005B7100B8FAC0 = {
			isa = PBXGroup;
			children = (
				16550F5F2B005B7100B8FAC0 /* Jams story testing */,
				16550F5E2B005B7100B8FAC0 /* Products */,
			);
			sourceTree = "<group>";
		};
		16550F5E2B005B7100B8FAC0 /* Products */ = {
			isa = PBXGroup;
			children = (
				16550F5D2B005B7100B8FAC0 /* Jams story testing.app */,
			);
			name = Products;
			sourceTree = "<group>";
		};
		16550F5F2B005B7100B8FAC0 /* Jams story testing */ = {
			isa = PBXGroup;
			children = (
				16550F602B005B7100B8FAC0 /* Jams_story_testingApp.swift */,
				16550F622B005B7100B8FAC0 /* ContentView.swift */,
				16550F702B006A9800B8FAC0 /* TestingView.swift */,
				16550F6E2B005ECA00B8FAC0 /* ChapterUnlocker.swift */,
				16550F642B005B7200B8FAC0 /* Assets.xcassets */,
				16550F662B005B7200B8FAC0 /* Preview Content */,
			);
			path = "Jams story testing";
			sourceTree = "<group>";
		};
		16550F662B005B7200B8FAC0 /* Preview Content */ = {
			isa = PBXGroup;
			children = (
				16550F672B005B7200B8FAC0 /* Preview Assets.xcassets */,
			);
			path = "Preview Content";
			sourceTree = "<group>";
		};
/* End PBXGroup section */

/* Begin PBXNativeTarget section */
		16550F5C2B005B7100B8FAC0 /* Jams story testing */ = {
			isa = PBXNativeTarget;
			buildConfigurationList = 16550F6B2B005B7200B8FAC0 /* Build configuration list for PBXNativeTarget "Jams story testing" */;
			buildPhases = (
				16550F592B005B7100B8FAC0 /* Sources */,
				16550F5A2B005B7100B8FAC0 /* Frameworks */,
				16550F5B2B005B7100B8FAC0 /* Resources */,
			);
			buildRules = (
			);
			dependencies = (
			);
			name = "Jams story testing";
			productName = "Jams story testing";
			productReference = 16550F5D2B005B7100B8FAC0 /* Jams story testing.app */;
			productType = "com.apple.product-type.application";
		};
/* End PBXNativeTarget section */

/* Begin PBXProject section */
		16550F552B005B7100B8FAC0 /* Project object */ = {
			isa = PBXProject;
			attributes = {
				BuildIndependentTargetsInParallel = 1;
				LastSwiftUpdateCheck = 1430;
				LastUpgradeCheck = 1430;
				TargetAttributes = {
					16550F5C2B005B7100B8FAC0 = {
						CreatedOnToolsVersion = 14.3;
					};
				};
			};
			buildConfigurationList = 16550F582B005B7100B8FAC0 /* Build configuration list for PBXProject "Jams story testing" */;
			compatibilityVersion = "Xcode 14.0";
			developmentRegion = en;
			hasScannedForEncodings = 0;
			knownRegions = (
				en,
				Base,
			);
			mainGroup = 16550F542B005B7100B8FAC0;
			productRefGroup = 16550F5E2B005B7100B8FAC0 /* Products */;
			projectDirPath = "";
			projectRoot = "";
			targets = (
				16550F5C2B005B7100B8FAC0 /* Jams story testing */,
			);
		};
/* End PBXProject section */

/* Begin PBXResourcesBuildPhase section */
		16550F5B2B005B7100B8FAC0 /* Resources */ = {
			isa = PBXResourcesBuildPhase;
			buildActionMask = 2147483647;
			files = (
				16550F682B005B7200B8FAC0 /* Preview Assets.xcassets in Resources */,
				16550F652B005B7200B8FAC0 /* Assets.xcassets in Resources */,
			);
			runOnlyForDeploymentPostprocessing = 0;
		};
/* End PBXResourcesBuildPhase section */

/* Begin PBXSourcesBuildPhase section */
		16550F592B005B7100B8FAC0 /* Sources */ = {
			isa = PBXSourcesBuildPhase;
			buildActionMask = 2147483647;
			files = (
				16550F632B005B7100B8FAC0 /* ContentView.swift in Sources */,
				16550F712B006A9800B8FAC0 /* TestingView.swift in Sources */,
				16550F612B005B7100B8FAC0 /* Jams_story_testingApp.swift in Sources */,
				16550F6F2B005ECA00B8FAC0 /* ChapterUnlocker.swift in Sources */,
			);
			runOnlyForDeploymentPostprocessing = 0;
		};
/* End PBXSourcesBuildPhase section */

/* Begin XCBuildConfiguration section */
		16550F692B005B7200B8FAC0 /* Debug */ = {
			isa = XCBuildConfiguration;
			buildSettings = {
				ALWAYS_SEARCH_USER_PATHS = NO;
				CLANG_ANALYZER_NONNULL = YES;
				CLANG_ANALYZER_NUMBER_OBJECT_CONVERSION = YES_AGGRESSIVE;
				CLANG_CXX_LANGUAGE_STANDARD = "gnu++20";
				CLANG_ENABLE_MODULES = YES;
				CLANG_ENABLE_OBJC_ARC = YES;
				CLANG_ENABLE_OBJC_WEAK = YES;
				CLANG_WARN_BLOCK_CAPTURE_AUTORELEASING = YES;
				CLANG_WARN_BOOL_CONVERSION = YES;
				CLANG_WARN_COMMA = YES;
				CLANG_WARN_CONSTANT_CONVERSION = YES;
				CLANG_WARN_DEPRECATED_OBJC_IMPLEMENTATIONS = YES;
				CLANG_WARN_DIRECT_OBJC_ISA_USAGE = YES_ERROR;
				CLANG_WARN_DOCUMENTATION_COMMENTS = YES;
				CLANG_WARN_EMPTY_BODY = YES;
				CLANG_WARN_ENUM_CONVERSION = YES;
				CLANG_WARN_INFINITE_RECURSION = YES;
				CLANG_WARN_INT_CONVERSION = YES;
				CLANG_WARN_NON_LITERAL_NULL_CONVERSION = YES;
				CLANG_WARN_OBJC_IMPLICIT_RETAIN_SELF = YES;
				CLANG_WARN_OBJC_LITERAL_CONVERSION = YES;
				CLANG_WARN_OBJC_ROOT_CLASS = YES_ERROR;
				CLANG_WARN_QUOTED_INCLUDE_IN_FRAMEWORK_HEADER = YES;
				CLANG_WARN_RANGE_LOOP_ANALYSIS = YES;
				CLANG_WARN_STRICT_PROTOTYPES = YES;
				CLANG_WARN_SUSPICIOUS_MOVE = YES;
				CLANG_WARN_UNGUARDED_AVAILABILITY = YES_AGGRESSIVE;
				CLANG_WARN_UNREACHABLE_CODE = YES;
				CLANG_WARN__DUPLICATE_METHOD_MATCH = YES;
				COPY_PHASE_STRIP = NO;
				DEBUG_INFORMATION_FORMAT = dwarf;
				ENABLE_STRICT_OBJC_MSGSEND = YES;
				ENABLE_TESTABILITY = YES;
				GCC_C_LANGUAGE_STANDARD = gnu11;
				GCC_DYNAMIC_NO_PIC = NO;
				GCC_NO_COMMON_BLOCKS = YES;
				GCC_OPTIMIZATION_LEVEL = 0;
				GCC_PREPROCESSOR_DEFINITIONS = (
					"DEBUG=1",
					"$(inherited)",
				);
				GCC_WARN_64_TO_32_BIT_CONVERSION = YES;
				GCC_WARN_ABOUT_RETURN_TYPE = YES_ERROR;
				GCC_WARN_UNDECLARED_SELECTOR = YES;
				GCC_WARN_UNINITIALIZED_AUTOS = YES_AGGRESSIVE;
				GCC_WARN_UNUSED_FUNCTION = YES;
				GCC_WARN_UNUSED_VARIABLE = YES;
				IPHONEOS_DEPLOYMENT_TARGET = 16.4;
				MTL_ENABLE_DEBUG_INFO = INCLUDE_SOURCE;
				MTL_FAST_MATH = YES;
				ONLY_ACTIVE_ARCH = YES;
				SDKROOT = iphoneos;
				SWIFT_ACTIVE_COMPILATION_CONDITIONS = DEBUG;
				SWIFT_OPTIMIZATION_LEVEL = "-Onone";
			};
			name = Debug;
		};
		16550F6A2B005B7200B8FAC0 /* Release */ = {
			isa = XCBuildConfiguration;
			buildSettings = {
				ALWAYS_SEARCH_USER_PATHS = NO;
				CLANG_ANALYZER_NONNULL = YES;
				CLANG_ANALYZER_NUMBER_OBJECT_CONVERSION = YES_AGGRESSIVE;
				CLANG_CXX_LANGUAGE_STANDARD = "gnu++20";
				CLANG_ENABLE_MODULES = YES;
				CLANG_ENABLE_OBJC_ARC = YES;
				CLANG_ENABLE_OBJC_WEAK = YES;
				CLANG_WARN_BLOCK_CAPTURE_AUTORELEASING = YES;
				CLANG_WARN_BOOL_CONVERSION = YES;
				CLANG_WARN_COMMA = YES;
				CLANG_WARN_CONSTANT_CONVERSION = YES;
				CLANG_WARN_DEPRECATED_OBJC_IMPLEMENTATIONS = YES;
				CLANG_WARN_DIRECT_OBJC_ISA_USAGE = YES_ERROR;
				CLANG_WARN_DOCUMENTATION_COMMENTS = YES;
				CLANG_WARN_EMPTY_BODY = YES;
				CLANG_WARN_ENUM_CONVERSION = YES;
				CLANG_WARN_INFINITE_RECURSION = YES;
				CLANG_WARN_INT_CONVERSION = YES;
				CLANG_WARN_NON_LITERAL_NULL_CONVERSION = YES;
				CLANG_WARN_OBJC_IMPLICIT_RETAIN_SELF = YES;
				CLANG_WARN_OBJC_LITERAL_CONVERSION = YES;
				CLANG_WARN_OBJC_ROOT_CLASS = YES_ERROR;
				CLANG_WARN_QUOTED_INCLUDE_IN_FRAMEWORK_HEADER = YES;
				CLANG_WARN_RANGE_LOOP_ANALYSIS = YES;
				CLANG_WARN_STRICT_PROTOTYPES = YES;
				CLANG_WARN_SUSPICIOUS_MOVE = YES;
				CLANG_WARN_UNGUARDED_AVAILABILITY = YES_AGGRESSIVE;
				CLANG_WARN_UNREACHABLE_CODE = YES;
				CLANG_WARN__DUPLICATE_METHOD_MATCH = YES;
				COPY_PHASE_STRIP = NO;
				DEBUG_INFORMATION_FORMAT = "dwarf-with-dsym";
				ENABLE_NS_ASSERTIONS = NO;
				ENABLE_STRICT_OBJC_MSGSEND = YES;
				GCC_C_LANGUAGE_STANDARD = gnu11;
				GCC_NO_COMMON_BLOCKS = YES;
				GCC_WARN_64_TO_32_BIT_CONVERSION = YES;
				GCC_WARN_ABOUT_RETURN_TYPE = YES_ERROR;
				GCC_WARN_UNDECLARED_SELECTOR = YES;
				GCC_WARN_UNINITIALIZED_AUTOS = YES_AGGRESSIVE;
				GCC_WARN_UNUSED_FUNCTION = YES;
				GCC_WARN_UNUSED_VARIABLE = YES;
				IPHONEOS_DEPLOYMENT_TARGET = 16.4;
				MTL_ENABLE_DEBUG_INFO = NO;
				MTL_FAST_MATH = YES;
				SDKROOT = iphoneos;
				SWIFT_COMPILATION_MODE = wholemodule;
				SWIFT_OPTIMIZATION_LEVEL = "-O";
				VALIDATE_PRODUCT = YES;
			};
			name = Release;
		};
		16550F6C2B005B7200B8FAC0 /* Debug */ = {
			isa = XCBuildConfiguration;
			buildSettings = {
				ASSETCATALOG_COMPILER_APPICON_NAME = AppIcon;
				ASSETCATALOG_COMPILER_GLOBAL_ACCENT_COLOR_NAME = AccentColor;
				CODE_SIGN_STYLE = Automatic;
				CURRENT_PROJECT_VERSION = 1;
				DEVELOPMENT_ASSET_PATHS = "\"Jams story testing/Preview Content\"";
				DEVELOPMENT_TEAM = MGX4V5XP6T;
				ENABLE_PREVIEWS = YES;
				GENERATE_INFOPLIST_FILE = YES;
				INFOPLIST_KEY_UIApplicationSceneManifest_Generation = YES;
				INFOPLIST_KEY_UIApplicationSupportsIndirectInputEvents = YES;
				INFOPLIST_KEY_UILaunchScreen_Generation = YES;
				INFOPLIST_KEY_UISupportedInterfaceOrientations_iPad = "UIInterfaceOrientationPortrait UIInterfaceOrientationPortraitUpsideDown UIInterfaceOrientationLandscapeLeft UIInterfaceOrientationLandscapeRight";
				INFOPLIST_KEY_UISupportedInterfaceOrientations_iPhone = "UIInterfaceOrientationPortrait UIInterfaceOrientationLandscapeLeft UIInterfaceOrientationLandscapeRight";
				LD_RUNPATH_SEARCH_PATHS = (
					"$(inherited)",
					"@executable_path/Frameworks",
				);
				MARKETING_VERSION = 1.0;
				PRODUCT_BUNDLE_IDENTIFIER = "com.hoover.Jams-story-testing";
				PRODUCT_NAME = "$(TARGET_NAME)";
				SWIFT_EMIT_LOC_STRINGS = YES;
				SWIFT_VERSION = 5.0;
				TARGETED_DEVICE_FAMILY = "1,2";
			};
			name = Debug;
		};
		16550F6D2B005B7200B8FAC0 /* Release */ = {
			isa = XCBuildConfiguration;
			buildSettings = {
				ASSETCATALOG_COMPILER_APPICON_NAME = AppIcon;
				ASSETCATALOG_COMPILER_GLOBAL_ACCENT_COLOR_NAME = AccentColor;
				CODE_SIGN_STYLE = Automatic;
				CURRENT_PROJECT_VERSION = 1;
				DEVELOPMENT_ASSET_PATHS = "\"Jams story testing/Preview Content\"";
				DEVELOPMENT_TEAM = MGX4V5XP6T;
				ENABLE_PREVIEWS = YES;
				GENERATE_INFOPLIST_FILE = YES;
				INFOPLIST_KEY_UIApplicationSceneManifest_Generation = YES;
				INFOPLIST_KEY_UIApplicationSupportsIndirectInputEvents = YES;
				INFOPLIST_KEY_UILaunchScreen_Generation = YES;
				INFOPLIST_KEY_UISupportedInterfaceOrientations_iPad = "UIInterfaceOrientationPortrait UIInterfaceOrientationPortraitUpsideDown UIInterfaceOrientationLandscapeLeft UIInterfaceOrientationLandscapeRight";
				INFOPLIST_KEY_UISupportedInterfaceOrientations_iPhone = "UIInterfaceOrientationPortrait UIInterfaceOrientationLandscapeLeft UIInterfaceOrientationLandscapeRight";
				LD_RUNPATH_SEARCH_PATHS = (
					"$(inherited)",
					"@executable_path/Frameworks",
				);
				MARKETING_VERSION = 1.0;
				PRODUCT_BUNDLE_IDENTIFIER = "com.hoover.Jams-story-testing";
				PRODUCT_NAME = "$(TARGET_NAME)";
				SWIFT_EMIT_LOC_STRINGS = YES;
				SWIFT_VERSION = 5.0;
				TARGETED_DEVICE_FAMILY = "1,2";
			};
			name = Release;
		};
/* End XCBuildConfiguration section */

/* Begin XCConfigurationList section */
		16550F582B005B7100B8FAC0 /* Build configuration list for PBXProject "Jams story testing" */ = {
			isa = XCConfigurationList;
			buildConfigurations = (
				16550F692B005B7200B8FAC0 /* Debug */,
				16550F6A2B005B7200B8FAC0 /* Release */,
			);
			defaultConfigurationIsVisible = 0;
			defaultConfigurationName = Release;
		};
		16550F6B2B005B7200B8FAC0 /* Build configuration list for PBXNativeTarget "Jams story testing" */ = {
			isa = XCConfigurationList;
			buildConfigurations = (
				16550F6C2B005B7200B8FAC0 /* Debug */,
				16550F6D2B005B7200B8FAC0 /* Release */,
			);
			defaultConfigurationIsVisible = 0;
			defaultConfigurationName = Release;
		};
/* End XCConfigurationList section */
	};
	rootObject = 16550F552B005B7100B8FAC0 /* Project object */;
}
